
Microsoft Visual Studio Solution File, Format Version 12.00
Project("{FAE04EC0-301F-11D3-BF4B-00C04F79EFBC}") = "API5_1", "API5_1.csproj", "{17A52C4C-1A18-460C-9ADA-CCF0AE0C3110}"
EndProject
Global
	GlobalSection(SolutionConfigurationPlatforms) = preSolution
		Debug|Any CPU = Debug|Any CPU
		Release|Any CPU = Release|Any CPU
	EndGlobalSection
	GlobalSection(ProjectConfigurationPlatforms) = postSolution
		{17A52C4C-1A18-460C-9ADA-CCF0AE0C3110}.Debug|Any CPU.ActiveCfg = Debug|Any CPU
		{17A52C4C-1A18-460C-9ADA-CCF0AE0C3110}.Debug|Any CPU.Build.0 = Debug|Any CPU
		{17A52C4C-1A18-460C-9ADA-CCF0AE0C3110}.Release|Any CPU.ActiveCfg = Release|Any CPU
		{17A52C4C-1A18-460C-9ADA-CCF0AE0C3110}.Release|Any CPU.Build.0 = Release|Any CPU
	EndGlobalSection
EndGlobal
